
Microsoft Visual Studio Solution File, Format Version 12.00
# Visual Studio Version 17
VisualStudioVersion = 17.7.34018.315
MinimumVisualStudioVersion = 10.0.40219.1
Project("{9A19103F-16F7-4668-BE54-9A1E7A4F7556}") = "RandomQuotesGui", "RandomQuotesGui.csproj", "{5BDE275A-40E0-4EFD-BA96-78E870465E2D}"
EndProject
Global
	GlobalSection(SolutionConfigurationPlatforms) = preSolution
		Debug|Any CPU = Debug|Any CPU
		Release|Any CPU = Release|Any CPU
	EndGlobalSection
	GlobalSection(ProjectConfigurationPlatforms) = postSolution
		{5BDE275A-40E0-4EFD-BA96-78E870465E2D}.Debug|Any CPU.ActiveCfg = Release|Any CPU
		{5BDE275A-40E0-4EFD-BA96-78E870465E2D}.Debug|Any CPU.Build.0 = Release|Any CPU
		{5BDE275A-40E0-4EFD-BA96-78E870465E2D}.Release|Any CPU.ActiveCfg = Release|Any CPU
		{5BDE275A-40E0-4EFD-BA96-78E870465E2D}.Release|Any CPU.Build.0 = Release|Any CPU
	EndGlobalSection
	GlobalSection(SolutionProperties) = preSolution
		HideSolutionNode = FALSE
	EndGlobalSection
	GlobalSection(ExtensibilityGlobals) = postSolution
		SolutionGuid = {238176D4-6E70-4492-8222-8C12230DD169}
	EndGlobalSection
EndGlobal
